
Microsoft Visual Studio Solution File, Format Version 12.00
# Visual Studio 2013
VisualStudioVersion = 12.0.40629.0
MinimumVisualStudioVersion = 10.0.40219.1
Project("{FAE04EC0-301F-11D3-BF4B-00C04F79EFBC}") = "jogo_dados1", "jogo_dados1\jogo_dados1.csproj", "{9048D6C8-247F-4972-BEFD-67EDE5BA8EB9}"
EndProject
Global
	GlobalSection(SolutionConfigurationPlatforms) = preSolution
		Debug|Any CPU = Debug|Any CPU
		Release|Any CPU = Release|Any CPU
	EndGlobalSection
	GlobalSection(ProjectConfigurationPlatforms) = postSolution
		{9048D6C8-247F-4972-BEFD-67EDE5BA8EB9}.Debug|Any CPU.ActiveCfg = Debug|Any CPU
		{9048D6C8-247F-4972-BEFD-67EDE5BA8EB9}.Debug|Any CPU.Build.0 = Debug|Any CPU
		{9048D6C8-247F-4972-BEFD-67EDE5BA8EB9}.Release|Any CPU.ActiveCfg = Release|Any CPU
		{9048D6C8-247F-4972-BEFD-67EDE5BA8EB9}.Release|Any CPU.Build.0 = Release|Any CPU
	EndGlobalSection
	GlobalSection(SolutionProperties) = preSolution
		HideSolutionNode = FALSE
	EndGlobalSection
EndGlobal
